
Microsoft Visual Studio Solution File, Format Version 12.00
# Visual Studio 14
VisualStudioVersion = 14.0.25123.0
MinimumVisualStudioVersion = 10.0.40219.1
Project("{FAE04EC0-301F-11D3-BF4B-00C04F79EFBC}") = "WK7 QTN2 Client", "WK7 QTN2 Client\WK7 QTN2 Client.csproj", "{A5D875DD-78AC-4B6A-95E5-8BF888B3E71D}"
EndProject
Global
	GlobalSection(SolutionConfigurationPlatforms) = preSolution
		Debug|Any CPU = Debug|Any CPU
		Release|Any CPU = Release|Any CPU
	EndGlobalSection
	GlobalSection(ProjectConfigurationPlatforms) = postSolution
		{A5D875DD-78AC-4B6A-95E5-8BF888B3E71D}.Debug|Any CPU.ActiveCfg = Debug|Any CPU
		{A5D875DD-78AC-4B6A-95E5-8BF888B3E71D}.Debug|Any CPU.Build.0 = Debug|Any CPU
		{A5D875DD-78AC-4B6A-95E5-8BF888B3E71D}.Release|Any CPU.ActiveCfg = Release|Any CPU
		{A5D875DD-78AC-4B6A-95E5-8BF888B3E71D}.Release|Any CPU.Build.0 = Release|Any CPU
	EndGlobalSection
	GlobalSection(SolutionProperties) = preSolution
		HideSolutionNode = FALSE
	EndGlobalSection
EndGlobal
